<?xml version="1.0" encoding="utf-8"?>
<Project ToolsVersion="4.0" xmlns="http://schemas.microsoft.com/developer/msbuild/2003">
  <ItemGroup>
    <Filter Include="RayTracing">
      <UniqueIdentifier>{bf35ff8c-06af-4baf-a78d-67c646fa91c1}</UniqueIdentifier>
    </Filter>
    <Filter Include="SFML Project">
      <UniqueIdentifier>{c16ad615-f132-4932-a0b0-d737085d53f5}</UniqueIdentifier>
    </Filter>
    <Filter Include="SFML Project\P2 Scripts">
      <UniqueIdentifier>{f79e1551-8499-4c06-9e6e-31fec0ae2cf2}</UniqueIdentifier>
    </Filter>
  </ItemGroup>
  <ItemGroup>
    <ClCompile Include="RTImage.cpp">
      <Filter>RayTracing</Filter>
    </ClCompile>
    <ClCompile Include="AGameObject.cpp">
      <Filter>SFML Project</Filter>
    </ClCompile>
    <ClCompile Include="BaseRunner.cpp">
      <Filter>SFML Project</Filter>
    </ClCompile>
    <ClCompile Include="BGObject.cpp">
      <Filter>SFML Project</Filter>
    </ClCompile>
    <ClCompile Include="FPSCounter.cpp">
      <Filter>SFML Project</Filter>
    </ClCompile>
    <ClCompile Include="GameObjectManager.cpp">
      <Filter>SFML Project</Filter>
    </ClCompile>
    <ClCompile Include="IconObject.cpp">
      <Filter>SFML Project</Filter>
    </ClCompile>
    <ClCompile Include="IETThread.cpp">
      <Filter>SFML Project</Filter>
    </ClCompile>
    <ClCompile Include="main.cpp">
      <Filter>SFML Project</Filter>
    </ClCompile>
    <ClCompile Include="MathUtils.cpp">
      <Filter>SFML Project</Filter>
    </ClCompile>
    <ClCompile Include="StringUtils.cpp">
      <Filter>SFML Project</Filter>
    </ClCompile>
    <ClCompile Include="TextureDisplay.cpp">
      <Filter>SFML Project</Filter>
    </ClCompile>
    <ClCompile Include="TextureManager.cpp">
      <Filter>SFML Project</Filter>
    </ClCompile>
    <ClCompile Include="StreamAssetLoader.cpp">
      <Filter>SFML Project</Filter>
    </ClCompile>
    <ClCompile Include="RTThread.cpp">
      <Filter>RayTracing</Filter>
    </ClCompile>
    <ClCompile Include="RTSemaphore.cpp">
      <Filter>RayTracing</Filter>
    </ClCompile>
    <ClCompile Include="IExecutionEvent.cpp">
      <Filter>SFML Project</Filter>
    </ClCompile>
    <ClCompile Include="ThreadPool.cpp" />
    <ClCompile Include="PoolWorkerThread.cpp" />
    <ClCompile Include="Button.cpp">
      <Filter>SFML Project\P2 Scripts</Filter>
    </ClCompile>
    <ClCompile Include="BackgroundImage.cpp">
      <Filter>SFML Project\P2 Scripts</Filter>
    </ClCompile>
    <ClCompile Include="LaunchPadBase.cpp">
      <Filter>SFML Project\P2 Scripts</Filter>
    </ClCompile>
    <ClCompile Include="AudioLooper.cpp">
      <Filter>SFML Project\P2 Scripts</Filter>
    </ClCompile>
  </ItemGroup>
  <ItemGroup>
    <ClInclude Include="RTImage.h">
      <Filter>RayTracing</Filter>
    </ClInclude>
    <ClInclude Include="vec3.h">
      <Filter>RayTracing</Filter>
    </ClInclude>
    <ClInclude Include="color.h">
      <Filter>RayTracing</Filter>
    </ClInclude>
    <ClInclude Include="ray.h">
      <Filter>RayTracing</Filter>
    </ClInclude>
    <ClInclude Include="AGameObject.h">
      <Filter>SFML Project</Filter>
    </ClInclude>
    <ClInclude Include="BaseRunner.h">
      <Filter>SFML Project</Filter>
    </ClInclude>
    <ClInclude Include="BGObject.h">
      <Filter>SFML Project</Filter>
    </ClInclude>
    <ClInclude Include="FPSCounter.h">
      <Filter>SFML Project</Filter>
    </ClInclude>
    <ClInclude Include="GameObjectManager.h">
      <Filter>SFML Project</Filter>
    </ClInclude>
    <ClInclude Include="IconObject.h">
      <Filter>SFML Project</Filter>
    </ClInclude>
    <ClInclude Include="IETThread.h">
      <Filter>SFML Project</Filter>
    </ClInclude>
    <ClInclude Include="MathUtils.h">
      <Filter>SFML Project</Filter>
    </ClInclude>
    <ClInclude Include="StringUtils.h">
      <Filter>SFML Project</Filter>
    </ClInclude>
    <ClInclude Include="TextureDisplay.h">
      <Filter>SFML Project</Filter>
    </ClInclude>
    <ClInclude Include="TextureManager.h">
      <Filter>SFML Project</Filter>
    </ClInclude>
    <ClInclude Include="hittable.h">
      <Filter>RayTracing</Filter>
    </ClInclude>
    <ClInclude Include="sphere.h">
      <Filter>RayTracing</Filter>
    </ClInclude>
    <ClInclude Include="hittablelist.h">
      <Filter>RayTracing</Filter>
    </ClInclude>
    <ClInclude Include="rtweekend.h">
      <Filter>RayTracing</Filter>
    </ClInclude>
    <ClInclude Include="interval.h">
      <Filter>RayTracing</Filter>
    </ClInclude>
    <ClInclude Include="camera.h">
      <Filter>RayTracing</Filter>
    </ClInclude>
    <ClInclude Include="material.h">
      <Filter>RayTracing</Filter>
    </ClInclude>
    <ClInclude Include="StreamAssetLoader.h">
      <Filter>SFML Project</Filter>
    </ClInclude>
    <ClInclude Include="RTThread.h">
      <Filter>RayTracing</Filter>
    </ClInclude>
    <ClInclude Include="RTSemaphore.h">
      <Filter>RayTracing</Filter>
    </ClInclude>
    <ClInclude Include="IWorkerAction.h">
      <Filter>SFML Project</Filter>
    </ClInclude>
    <ClInclude Include="IExecutionEvent.h">
      <Filter>SFML Project</Filter>
    </ClInclude>
    <ClInclude Include="ThreadPool.h" />
    <ClInclude Include="PoolWorkerThread.h" />
    <ClInclude Include="Button.h">
      <Filter>SFML Project\P2 Scripts</Filter>
    </ClInclude>
    <ClInclude Include="BackgroundImage.h">
      <Filter>SFML Project\P2 Scripts</Filter>
    </ClInclude>
    <ClInclude Include="LaunchPadBase.h">
      <Filter>SFML Project\P2 Scripts</Filter>
    </ClInclude>
    <ClInclude Include="AudioLooper.h">
      <Filter>SFML Project\P2 Scripts</Filter>
    </ClInclude>
  </ItemGroup>
</Project>